
Microsoft Visual Studio Solution File, Format Version 12.00
# Visual Studio 15
VisualStudioVersion = 15.0.28010.2048
MinimumVisualStudioVersion = 10.0.40219.1
Project("{FAE04EC0-301F-11D3-BF4B-00C04F79EFBC}") = "ProyectoFinal", "ProyectoFinal\ProyectoFinal.csproj", "{108A9902-C2AA-48F8-A05F-D0E283616581}"
EndProject
Global
	GlobalSection(SolutionConfigurationPlatforms) = preSolution
		Debug|Any CPU = Debug|Any CPU
		Release|Any CPU = Release|Any CPU
	EndGlobalSection
	GlobalSection(ProjectConfigurationPlatforms) = postSolution
		{108A9902-C2AA-48F8-A05F-D0E283616581}.Debug|Any CPU.ActiveCfg = Debug|Any CPU
		{108A9902-C2AA-48F8-A05F-D0E283616581}.Debug|Any CPU.Build.0 = Debug|Any CPU
		{108A9902-C2AA-48F8-A05F-D0E283616581}.Release|Any CPU.ActiveCfg = Release|Any CPU
		{108A9902-C2AA-48F8-A05F-D0E283616581}.Release|Any CPU.Build.0 = Release|Any CPU
	EndGlobalSection
	GlobalSection(SolutionProperties) = preSolution
		HideSolutionNode = FALSE
	EndGlobalSection
	GlobalSection(ExtensibilityGlobals) = postSolution
		SolutionGuid = {4B4E7DA3-305B-4841-8CFF-210F27674CDC}
	EndGlobalSection
EndGlobal
