
Microsoft Visual Studio Solution File, Format Version 12.00
# Visual Studio 15
VisualStudioVersion = 15.0.28010.2048
MinimumVisualStudioVersion = 10.0.40219.1
Project("{FAE04EC0-301F-11D3-BF4B-00C04F79EFBC}") = "MvcWebAPIvacio", "MvcWebAPIvacio\MvcWebAPIvacio.csproj", "{63955F37-08AA-4AF0-89B2-E5AA550C6D26}"
EndProject
Global
	GlobalSection(SolutionConfigurationPlatforms) = preSolution
		Debug|Any CPU = Debug|Any CPU
		Release|Any CPU = Release|Any CPU
	EndGlobalSection
	GlobalSection(ProjectConfigurationPlatforms) = postSolution
		{63955F37-08AA-4AF0-89B2-E5AA550C6D26}.Debug|Any CPU.ActiveCfg = Debug|Any CPU
		{63955F37-08AA-4AF0-89B2-E5AA550C6D26}.Debug|Any CPU.Build.0 = Debug|Any CPU
		{63955F37-08AA-4AF0-89B2-E5AA550C6D26}.Release|Any CPU.ActiveCfg = Release|Any CPU
		{63955F37-08AA-4AF0-89B2-E5AA550C6D26}.Release|Any CPU.Build.0 = Release|Any CPU
	EndGlobalSection
	GlobalSection(SolutionProperties) = preSolution
		HideSolutionNode = FALSE
	EndGlobalSection
	GlobalSection(ExtensibilityGlobals) = postSolution
		SolutionGuid = {17A1CEB9-C5B2-4E52-9F4B-EFD38E244D69}
	EndGlobalSection
EndGlobal
